
Microsoft Visual Studio Solution File, Format Version 12.00
# Visual Studio Version 17
VisualStudioVersion = 17.6.33723.286
MinimumVisualStudioVersion = 10.0.40219.1
Project("{FAE04EC0-301F-11D3-BF4B-00C04F79EFBC}") = "Aerotec", "Aerotec.csproj", "{519F44E1-FBA6-0894-2D31-DA1B27E76C5D}"
EndProject
Project("{9A19103F-16F7-4668-BE54-9A1E7A4F7556}") = "Aerotec.GUI", "Aerotec.GUI\Aerotec.GUI.csproj", "{4586BECB-A26F-445A-9F8A-858C381E4066}"
EndProject
Project("{9A19103F-16F7-4668-BE54-9A1E7A4F7556}") = "Aerotec.Data", "Aerotec.Data\Aerotec.Data.csproj", "{53524948-3732-4709-9183-EF2EF5099904}"
EndProject
Project("{2150E333-8FDC-42A3-9474-1A3956D46DE8}") = "Solution Items", "Solution Items", "{56A884D1-65F5-4D92-9EE1-8A108B308D09}"
EndProject
Global
	GlobalSection(SolutionConfigurationPlatforms) = preSolution
		Debug|Any CPU = Debug|Any CPU
		Debug|x86 = Debug|x86
		Release|Any CPU = Release|Any CPU
		Release|x86 = Release|x86
	EndGlobalSection
	GlobalSection(ProjectConfigurationPlatforms) = postSolution
		{519F44E1-FBA6-0894-2D31-DA1B27E76C5D}.Debug|Any CPU.ActiveCfg = Debug|x86
		{519F44E1-FBA6-0894-2D31-DA1B27E76C5D}.Debug|Any CPU.Build.0 = Debug|x86
		{519F44E1-FBA6-0894-2D31-DA1B27E76C5D}.Debug|x86.ActiveCfg = Debug|x86
		{519F44E1-FBA6-0894-2D31-DA1B27E76C5D}.Debug|x86.Build.0 = Debug|x86
		{519F44E1-FBA6-0894-2D31-DA1B27E76C5D}.Release|Any CPU.ActiveCfg = Release|x86
		{519F44E1-FBA6-0894-2D31-DA1B27E76C5D}.Release|Any CPU.Build.0 = Release|x86
		{519F44E1-FBA6-0894-2D31-DA1B27E76C5D}.Release|x86.ActiveCfg = Release|x86
		{519F44E1-FBA6-0894-2D31-DA1B27E76C5D}.Release|x86.Build.0 = Release|x86
		{4586BECB-A26F-445A-9F8A-858C381E4066}.Debug|Any CPU.ActiveCfg = Debug|Any CPU
		{4586BECB-A26F-445A-9F8A-858C381E4066}.Debug|Any CPU.Build.0 = Debug|Any CPU
		{4586BECB-A26F-445A-9F8A-858C381E4066}.Debug|x86.ActiveCfg = Debug|Any CPU
		{4586BECB-A26F-445A-9F8A-858C381E4066}.Debug|x86.Build.0 = Debug|Any CPU
		{4586BECB-A26F-445A-9F8A-858C381E4066}.Release|Any CPU.ActiveCfg = Release|Any CPU
		{4586BECB-A26F-445A-9F8A-858C381E4066}.Release|Any CPU.Build.0 = Release|Any CPU
		{4586BECB-A26F-445A-9F8A-858C381E4066}.Release|x86.ActiveCfg = Release|Any CPU
		{4586BECB-A26F-445A-9F8A-858C381E4066}.Release|x86.Build.0 = Release|Any CPU
		{53524948-3732-4709-9183-EF2EF5099904}.Debug|Any CPU.ActiveCfg = Debug|Any CPU
		{53524948-3732-4709-9183-EF2EF5099904}.Debug|Any CPU.Build.0 = Debug|Any CPU
		{53524948-3732-4709-9183-EF2EF5099904}.Debug|x86.ActiveCfg = Debug|Any CPU
		{53524948-3732-4709-9183-EF2EF5099904}.Debug|x86.Build.0 = Debug|Any CPU
		{53524948-3732-4709-9183-EF2EF5099904}.Release|Any CPU.ActiveCfg = Release|Any CPU
		{53524948-3732-4709-9183-EF2EF5099904}.Release|Any CPU.Build.0 = Release|Any CPU
		{53524948-3732-4709-9183-EF2EF5099904}.Release|x86.ActiveCfg = Release|Any CPU
		{53524948-3732-4709-9183-EF2EF5099904}.Release|x86.Build.0 = Release|Any CPU
	EndGlobalSection
	GlobalSection(SolutionProperties) = preSolution
		HideSolutionNode = FALSE
	EndGlobalSection
	GlobalSection(ExtensibilityGlobals) = postSolution
		SolutionGuid = {BDE81955-467F-40FE-A42D-9A15BB29754B}
	EndGlobalSection
EndGlobal
